# THIS IS AN AUTOGENERATED FILE. DO NOT EDIT THIS FILE DIRECTLY.
# yarn lockfile v1


"@types/node@^16.7.13":
  version "16.18.79"
  resolved "https://registry.yarnpkg.com/@types/node/-/node-16.18.79.tgz#153e25561b271cf87dc1b28d38f98cebd514d788"
  integrity sha512-Qd7jdLR5zmnIyMhfDrfPqN5tUCvreVpP3Qrf2oSM+F7SNzlb/MwHISGUkdFHtevfkPJ3iAGyeQI/jsbh9EStgQ==

typescript@^4.4.3:
  version "4.9.5"
  resolved "https://registry.yarnpkg.com/typescript/-/typescript-4.9.5.tgz#095979f9bcc0d09da324d58d03ce8f8374cbe65a"
  integrity sha512-1FXk9E2Hm+QzZQ7z+McJiHL4NW1F2EzMu9Nq9i3zAaGqibafqYwCVU6WyWAuyQRRzOlxou8xZSyXLEN8oKj24g==
